
Microsoft Visual Studio Solution File, Format Version 12.00
# Visual Studio Version 17
VisualStudioVersion = 17.6.33829.357
MinimumVisualStudioVersion = 10.0.40219.1
Project("{2150E333-8FDC-42A3-9474-1A3956D46DE8}") = "src", "src", "{A4151FFC-45E7-42AF-A11B-72D0C9471A58}"
EndProject
Project("{2150E333-8FDC-42A3-9474-1A3956D46DE8}") = "tests", "tests", "{FF101D52-A567-4CBF-B2AA-830B197052B7}"
EndProject
Project("{9A19103F-16F7-4668-BE54-9A1E7A4F7556}") = "Domain", "Domain\Domain.csproj", "{1D3761CD-6C54-4A22-8FEF-8C08B79D1E74}"
EndProject
Project("{9A19103F-16F7-4668-BE54-9A1E7A4F7556}") = "Domain.UnitTests", "Domain.UnitTests\Domain.UnitTests.csproj", "{FFAD1924-CE82-4746-9408-7242B33C7144}"
EndProject
Project("{9A19103F-16F7-4668-BE54-9A1E7A4F7556}") = "ArchitectureTests", "ArchitectureTests\ArchitectureTests.csproj", "{2041CB96-68D2-4E0E-9BF4-A5AEEC479792}"
EndProject
Project("{9A19103F-16F7-4668-BE54-9A1E7A4F7556}") = "SharedKernel", "SharedKernel\SharedKernel.csproj", "{48F0D264-EF95-422A-91AD-23AF9519A505}"
EndProject
Project("{2150E333-8FDC-42A3-9474-1A3956D46DE8}") = "Solution Items", "Solution Items", "{D007BEB6-821E-4BE7-A1CF-84AB19C740CD}"
	ProjectSection(SolutionItems) = preProject
		Directory.Build.props = Directory.Build.props
		README.md = README.md
	EndProjectSection
EndProject
Project("{9A19103F-16F7-4668-BE54-9A1E7A4F7556}") = "Application", "Application\Application.csproj", "{C1A6B3C7-52A8-40CB-A4EF-CA4A91F685FC}"
EndProject
Project("{9A19103F-16F7-4668-BE54-9A1E7A4F7556}") = "Application.UnitTests", "Application.UnitTests\Application.UnitTests.csproj", "{D8EECD5A-076C-4D35-B014-D8297A8A32FA}"
EndProject
Project("{9A19103F-16F7-4668-BE54-9A1E7A4F7556}") = "Web.Api", "Web.Api\Web.Api.csproj", "{A5292B36-673B-4D36-8C4C-A1D3A434D0B3}"
EndProject
Project("{E53339B2-1760-4266-BCC7-CA923CBCF16C}") = "docker-compose", "docker-compose.dcproj", "{CC18D1B5-2445-4C4D-B1D4-219E3D77EBCF}"
EndProject
Project("{9A19103F-16F7-4668-BE54-9A1E7A4F7556}") = "Infrastructure", "..\Infrastructure\Infrastructure.csproj", "{0569519A-4A69-41FE-989C-608D39CADD2F}"
EndProject
Global
	GlobalSection(SolutionConfigurationPlatforms) = preSolution
		Debug|Any CPU = Debug|Any CPU
		Release|Any CPU = Release|Any CPU
	EndGlobalSection
	GlobalSection(ProjectConfigurationPlatforms) = postSolution
		{1D3761CD-6C54-4A22-8FEF-8C08B79D1E74}.Debug|Any CPU.ActiveCfg = Debug|Any CPU
		{1D3761CD-6C54-4A22-8FEF-8C08B79D1E74}.Debug|Any CPU.Build.0 = Debug|Any CPU
		{1D3761CD-6C54-4A22-8FEF-8C08B79D1E74}.Release|Any CPU.ActiveCfg = Release|Any CPU
		{1D3761CD-6C54-4A22-8FEF-8C08B79D1E74}.Release|Any CPU.Build.0 = Release|Any CPU
		{FFAD1924-CE82-4746-9408-7242B33C7144}.Debug|Any CPU.ActiveCfg = Debug|Any CPU
		{FFAD1924-CE82-4746-9408-7242B33C7144}.Debug|Any CPU.Build.0 = Debug|Any CPU
		{FFAD1924-CE82-4746-9408-7242B33C7144}.Release|Any CPU.ActiveCfg = Release|Any CPU
		{FFAD1924-CE82-4746-9408-7242B33C7144}.Release|Any CPU.Build.0 = Release|Any CPU
		{2041CB96-68D2-4E0E-9BF4-A5AEEC479792}.Debug|Any CPU.ActiveCfg = Debug|Any CPU
		{2041CB96-68D2-4E0E-9BF4-A5AEEC479792}.Debug|Any CPU.Build.0 = Debug|Any CPU
		{2041CB96-68D2-4E0E-9BF4-A5AEEC479792}.Release|Any CPU.ActiveCfg = Release|Any CPU
		{2041CB96-68D2-4E0E-9BF4-A5AEEC479792}.Release|Any CPU.Build.0 = Release|Any CPU
		{48F0D264-EF95-422A-91AD-23AF9519A505}.Debug|Any CPU.ActiveCfg = Debug|Any CPU
		{48F0D264-EF95-422A-91AD-23AF9519A505}.Debug|Any CPU.Build.0 = Debug|Any CPU
		{48F0D264-EF95-422A-91AD-23AF9519A505}.Release|Any CPU.ActiveCfg = Release|Any CPU
		{48F0D264-EF95-422A-91AD-23AF9519A505}.Release|Any CPU.Build.0 = Release|Any CPU
		{C1A6B3C7-52A8-40CB-A4EF-CA4A91F685FC}.Debug|Any CPU.ActiveCfg = Debug|Any CPU
		{C1A6B3C7-52A8-40CB-A4EF-CA4A91F685FC}.Debug|Any CPU.Build.0 = Debug|Any CPU
		{C1A6B3C7-52A8-40CB-A4EF-CA4A91F685FC}.Release|Any CPU.ActiveCfg = Release|Any CPU
		{C1A6B3C7-52A8-40CB-A4EF-CA4A91F685FC}.Release|Any CPU.Build.0 = Release|Any CPU
		{D8EECD5A-076C-4D35-B014-D8297A8A32FA}.Debug|Any CPU.ActiveCfg = Debug|Any CPU
		{D8EECD5A-076C-4D35-B014-D8297A8A32FA}.Debug|Any CPU.Build.0 = Debug|Any CPU
		{D8EECD5A-076C-4D35-B014-D8297A8A32FA}.Release|Any CPU.ActiveCfg = Release|Any CPU
		{D8EECD5A-076C-4D35-B014-D8297A8A32FA}.Release|Any CPU.Build.0 = Release|Any CPU
		{A5292B36-673B-4D36-8C4C-A1D3A434D0B3}.Debug|Any CPU.ActiveCfg = Debug|Any CPU
		{A5292B36-673B-4D36-8C4C-A1D3A434D0B3}.Debug|Any CPU.Build.0 = Debug|Any CPU
		{A5292B36-673B-4D36-8C4C-A1D3A434D0B3}.Release|Any CPU.ActiveCfg = Release|Any CPU
		{A5292B36-673B-4D36-8C4C-A1D3A434D0B3}.Release|Any CPU.Build.0 = Release|Any CPU
		{CC18D1B5-2445-4C4D-B1D4-219E3D77EBCF}.Debug|Any CPU.ActiveCfg = Debug|Any CPU
		{CC18D1B5-2445-4C4D-B1D4-219E3D77EBCF}.Debug|Any CPU.Build.0 = Debug|Any CPU
		{CC18D1B5-2445-4C4D-B1D4-219E3D77EBCF}.Release|Any CPU.ActiveCfg = Release|Any CPU
		{CC18D1B5-2445-4C4D-B1D4-219E3D77EBCF}.Release|Any CPU.Build.0 = Release|Any CPU
		{0569519A-4A69-41FE-989C-608D39CADD2F}.Debug|Any CPU.ActiveCfg = Debug|Any CPU
		{0569519A-4A69-41FE-989C-608D39CADD2F}.Debug|Any CPU.Build.0 = Debug|Any CPU
		{0569519A-4A69-41FE-989C-608D39CADD2F}.Release|Any CPU.ActiveCfg = Release|Any CPU
		{0569519A-4A69-41FE-989C-608D39CADD2F}.Release|Any CPU.Build.0 = Release|Any CPU
	EndGlobalSection
	GlobalSection(SolutionProperties) = preSolution
		HideSolutionNode = FALSE
	EndGlobalSection
	GlobalSection(NestedProjects) = preSolution
		{1D3761CD-6C54-4A22-8FEF-8C08B79D1E74} = {A4151FFC-45E7-42AF-A11B-72D0C9471A58}
		{FFAD1924-CE82-4746-9408-7242B33C7144} = {FF101D52-A567-4CBF-B2AA-830B197052B7}
		{2041CB96-68D2-4E0E-9BF4-A5AEEC479792} = {FF101D52-A567-4CBF-B2AA-830B197052B7}
		{48F0D264-EF95-422A-91AD-23AF9519A505} = {A4151FFC-45E7-42AF-A11B-72D0C9471A58}
		{C1A6B3C7-52A8-40CB-A4EF-CA4A91F685FC} = {A4151FFC-45E7-42AF-A11B-72D0C9471A58}
		{D8EECD5A-076C-4D35-B014-D8297A8A32FA} = {FF101D52-A567-4CBF-B2AA-830B197052B7}
		{A5292B36-673B-4D36-8C4C-A1D3A434D0B3} = {A4151FFC-45E7-42AF-A11B-72D0C9471A58}
		{0569519A-4A69-41FE-989C-608D39CADD2F} = {A4151FFC-45E7-42AF-A11B-72D0C9471A58}
	EndGlobalSection
	GlobalSection(ExtensibilityGlobals) = postSolution
		SolutionGuid = {0B9CC1E2-867E-4737-B4F7-8E8954F7625D}
	EndGlobalSection
EndGlobal
